{
    "_readme": [
        "This file locks the dependencies of your project to a known state",
        "Read more about it at http://getcomposer.org/doc/01-basic-usage.md#composer-lock-the-lock-file"
    ],
    "hash": "cddef2708099e71ad601091318e6018c",
    "packages": [

    ],
    "packages-dev": [
        {
            "name": "icanboogie/inflector",
            "version": "v1.0",
            "source": {
                "type": "git",
                "url": "https://github.com/ICanBoogie/Inflector.git",
                "reference": "ea19551221d0ef1b01125f3f366533a42bd31da0"
            },
            "dist": {
                "type": "zip",
                "url": "https://api.github.com/repos/ICanBoogie/Inflector/zipball/ea19551221d0ef1b01125f3f366533a42bd31da0",
                "reference": "ea19551221d0ef1b01125f3f366533a42bd31da0",
                "shasum": ""
            },
            "require": {
                "php": ">=5.3.0"
            },
            "type": "library",
            "autoload": {
                "classmap": [
                    "lib/"
                ],
                "files": [
                    "lib/helpers.php"
                ]
            },
            "notification-url": "https://packagist.org/downloads/",
            "license": [
                "BSD-3-Clause"
            ],
            "authors": [
                {
                    "name": "Olivier Laviale",
                    "email": "olivier.laviale@gmail.com",
                    "homepage": "http://www.weirdog.com/",
                    "role": "Developer"
                }
            ],
            "description": "The Inflector transforms words from singular to plural, underscore to camel case, titelize words and more.",
            "homepage": "http://icanboogie.org/",
            "keywords": [
                "camelize",
                "hyphenate",
                "inflect",
                "pluralize",
                "singularize",
                "underscore"
            ],
            "time": "2013-03-14 16:29:20"
        },
        {
            "name": "symfony/class-loader",
            "version": "v2.4.1",
            "target-dir": "Symfony/Component/ClassLoader",
            "source": {
                "type": "git",
                "url": "https://github.com/symfony/ClassLoader.git",
                "reference": "6a2ebedbc780130f07b3a15363743d08eb46820c"
            },
            "dist": {
                "type": "zip",
                "url": "https://api.github.com/repos/symfony/ClassLoader/zipball/6a2ebedbc780130f07b3a15363743d08eb46820c",
                "reference": "6a2ebedbc780130f07b3a15363743d08eb46820c",
                "shasum": ""
            },
            "require": {
                "php": ">=5.3.3"
            },
            "require-dev": {
                "symfony/finder": "~2.0"
            },
            "type": "library",
            "extra": {
                "branch-alias": {
                    "dev-master": "2.4-dev"
                }
            },
            "autoload": {
                "psr-0": {
                    "Symfony\\Component\\ClassLoader\\": ""
                }
            },
            "notification-url": "https://packagist.org/downloads/",
            "license": [
                "MIT"
            ],
            "authors": [
                {
                    "name": "Fabien Potencier",
                    "email": "fabien@symfony.com"
                },
                {
                    "name": "Symfony Community",
                    "homepage": "http://symfony.com/contributors"
                }
            ],
            "description": "Symfony ClassLoader Component",
            "homepage": "http://symfony.com",
            "time": "2013-11-26 16:40:27"
        },
        {
            "name": "webignition/html-document-type-generator",
            "version": "0.5.4",
            "source": {
                "type": "git",
                "url": "https://github.com/webignition/html-document-type-generator.git",
                "reference": "e21738d0f8b10a7f0a62e59f51ffe752e20b2cb6"
            },
            "dist": {
                "type": "zip",
                "url": "https://api.github.com/repos/webignition/html-document-type-generator/zipball/e21738d0f8b10a7f0a62e59f51ffe752e20b2cb6",
                "reference": "e21738d0f8b10a7f0a62e59f51ffe752e20b2cb6",
                "shasum": ""
            },
            "require-dev": {
                "phpunit/phpunit": "3.7.*",
                "symfony/class-loader": "*"
            },
            "type": "library",
            "autoload": {
                "psr-0": {
                    "webignition\\Tests": "tests/",
                    "": "src/"
                }
            },
            "notification-url": "https://packagist.org/downloads/",
            "license": [
                "MIT"
            ],
            "authors": [
                {
                    "name": "Jon Cram",
                    "email": "jon@webignition.net"
                }
            ],
            "description": "Generate a doctype for a given HTML version and variant",
            "homepage": "https://github.com/webignition/html-document-type-generator",
            "keywords": [
                "doctype",
                "document",
                "generator",
                "html"
            ],
            "time": "2014-01-21 10:03:17"
        }
    ],
    "aliases": [

    ],
    "minimum-stability": "stable",
    "stability-flags": [

    ],
    "platform": [

    ],
    "platform-dev": [

    ]
}
